
Microsoft Visual Studio Solution File, Format Version 12.00
# Visual Studio Version 17
VisualStudioVersion = 17.6.33815.320
MinimumVisualStudioVersion = 10.0.40219.1
Project("{FAE04EC0-301F-11D3-BF4B-00C04F79EFBC}") = "ConsoleApp1", "ConsoleApp1\ConsoleApp1.csproj", "{6A40856C-86E4-4EF8-BA8F-3F641E79CE2E}"
EndProject
Global
	GlobalSection(SolutionConfigurationPlatforms) = preSolution
		Debug|Any CPU = Debug|Any CPU
		Release|Any CPU = Release|Any CPU
	EndGlobalSection
	GlobalSection(ProjectConfigurationPlatforms) = postSolution
		{6A40856C-86E4-4EF8-BA8F-3F641E79CE2E}.Debug|Any CPU.ActiveCfg = Debug|Any CPU
		{6A40856C-86E4-4EF8-BA8F-3F641E79CE2E}.Debug|Any CPU.Build.0 = Debug|Any CPU
		{6A40856C-86E4-4EF8-BA8F-3F641E79CE2E}.Release|Any CPU.ActiveCfg = Release|Any CPU
		{6A40856C-86E4-4EF8-BA8F-3F641E79CE2E}.Release|Any CPU.Build.0 = Release|Any CPU
	EndGlobalSection
	GlobalSection(SolutionProperties) = preSolution
		HideSolutionNode = FALSE
	EndGlobalSection
	GlobalSection(ExtensibilityGlobals) = postSolution
		SolutionGuid = {73C2FB7F-1463-4E40-AC9D-086A50DD9768}
	EndGlobalSection
EndGlobal
